
Microsoft Visual Studio Solution File, Format Version 12.00
# Visual Studio 15
VisualStudioVersion = 15.0.27428.2037
MinimumVisualStudioVersion = 10.0.40219.1
Project("{8BC9CEB8-8B4A-11D0-8D11-00A0C91BC942}") = "ex4", "ex4\ex4.vcxproj", "{24F3DB5F-083E-412B-B531-2E1591D573A3}"
EndProject
Project("{8BC9CEB8-8B4A-11D0-8D11-00A0C91BC942}") = "patrao", "patrao\patrao.vcxproj", "{A79EF523-7402-4C25-8E87-ABF4E88D3C50}"
EndProject
Project("{8BC9CEB8-8B4A-11D0-8D11-00A0C91BC942}") = "empregado", "empregado\empregado.vcxproj", "{1ABEF987-2090-4231-9582-7A61A45E9441}"
EndProject
Project("{8BC9CEB8-8B4A-11D0-8D11-00A0C91BC942}") = "empregado1", "empregado1\empregado1.vcxproj", "{6959BC60-734E-438F-8331-33C11ED05E49}"
EndProject
Project("{8BC9CEB8-8B4A-11D0-8D11-00A0C91BC942}") = "patrao1", "patrao1\patrao1.vcxproj", "{171E95FC-CCCC-42BB-AA14-23A339520F04}"
EndProject
Project("{8BC9CEB8-8B4A-11D0-8D11-00A0C91BC942}") = "ex8-patrao", "ex8-patrao\ex8-patrao.vcxproj", "{CB34C489-F507-49BC-876F-D41F91893C31}"
EndProject
Project("{8BC9CEB8-8B4A-11D0-8D11-00A0C91BC942}") = "ex8-empregado", "ex8-empregado\ex8-empregado.vcxproj", "{F6B64BF0-8224-49D2-878F-A7082C1E0519}"
EndProject
Project("{8BC9CEB8-8B4A-11D0-8D11-00A0C91BC942}") = "ex8-patrao1", "ex8-patrao1\ex8-patrao1.vcxproj", "{308B360E-2163-4316-937A-D958FC0613F5}"
EndProject
Project("{8BC9CEB8-8B4A-11D0-8D11-00A0C91BC942}") = "ex8-empregado1", "ex8-empregado1\ex8-empregado1.vcxproj", "{8F9DA1BC-89C5-47B2-B49A-414ADE26262F}"
EndProject
Global
	GlobalSection(SolutionConfigurationPlatforms) = preSolution
		Debug|x64 = Debug|x64
		Debug|x86 = Debug|x86
		Release|x64 = Release|x64
		Release|x86 = Release|x86
	EndGlobalSection
	GlobalSection(ProjectConfigurationPlatforms) = postSolution
		{24F3DB5F-083E-412B-B531-2E1591D573A3}.Debug|x64.ActiveCfg = Debug|x64
		{24F3DB5F-083E-412B-B531-2E1591D573A3}.Debug|x64.Build.0 = Debug|x64
		{24F3DB5F-083E-412B-B531-2E1591D573A3}.Debug|x86.ActiveCfg = Debug|Win32
		{24F3DB5F-083E-412B-B531-2E1591D573A3}.Debug|x86.Build.0 = Debug|Win32
		{24F3DB5F-083E-412B-B531-2E1591D573A3}.Release|x64.ActiveCfg = Release|x64
		{24F3DB5F-083E-412B-B531-2E1591D573A3}.Release|x64.Build.0 = Release|x64
		{24F3DB5F-083E-412B-B531-2E1591D573A3}.Release|x86.ActiveCfg = Release|Win32
		{24F3DB5F-083E-412B-B531-2E1591D573A3}.Release|x86.Build.0 = Release|Win32
		{A79EF523-7402-4C25-8E87-ABF4E88D3C50}.Debug|x64.ActiveCfg = Debug|x64
		{A79EF523-7402-4C25-8E87-ABF4E88D3C50}.Debug|x64.Build.0 = Debug|x64
		{A79EF523-7402-4C25-8E87-ABF4E88D3C50}.Debug|x86.ActiveCfg = Debug|Win32
		{A79EF523-7402-4C25-8E87-ABF4E88D3C50}.Debug|x86.Build.0 = Debug|Win32
		{A79EF523-7402-4C25-8E87-ABF4E88D3C50}.Release|x64.ActiveCfg = Release|x64
		{A79EF523-7402-4C25-8E87-ABF4E88D3C50}.Release|x64.Build.0 = Release|x64
		{A79EF523-7402-4C25-8E87-ABF4E88D3C50}.Release|x86.ActiveCfg = Release|Win32
		{A79EF523-7402-4C25-8E87-ABF4E88D3C50}.Release|x86.Build.0 = Release|Win32
		{1ABEF987-2090-4231-9582-7A61A45E9441}.Debug|x64.ActiveCfg = Debug|x64
		{1ABEF987-2090-4231-9582-7A61A45E9441}.Debug|x64.Build.0 = Debug|x64
		{1ABEF987-2090-4231-9582-7A61A45E9441}.Debug|x86.ActiveCfg = Debug|Win32
		{1ABEF987-2090-4231-9582-7A61A45E9441}.Debug|x86.Build.0 = Debug|Win32
		{1ABEF987-2090-4231-9582-7A61A45E9441}.Release|x64.ActiveCfg = Release|x64
		{1ABEF987-2090-4231-9582-7A61A45E9441}.Release|x64.Build.0 = Release|x64
		{1ABEF987-2090-4231-9582-7A61A45E9441}.Release|x86.ActiveCfg = Release|Win32
		{1ABEF987-2090-4231-9582-7A61A45E9441}.Release|x86.Build.0 = Release|Win32
		{6959BC60-734E-438F-8331-33C11ED05E49}.Debug|x64.ActiveCfg = Debug|x64
		{6959BC60-734E-438F-8331-33C11ED05E49}.Debug|x64.Build.0 = Debug|x64
		{6959BC60-734E-438F-8331-33C11ED05E49}.Debug|x86.ActiveCfg = Debug|Win32
		{6959BC60-734E-438F-8331-33C11ED05E49}.Debug|x86.Build.0 = Debug|Win32
		{6959BC60-734E-438F-8331-33C11ED05E49}.Release|x64.ActiveCfg = Release|x64
		{6959BC60-734E-438F-8331-33C11ED05E49}.Release|x64.Build.0 = Release|x64
		{6959BC60-734E-438F-8331-33C11ED05E49}.Release|x86.ActiveCfg = Release|Win32
		{6959BC60-734E-438F-8331-33C11ED05E49}.Release|x86.Build.0 = Release|Win32
		{171E95FC-CCCC-42BB-AA14-23A339520F04}.Debug|x64.ActiveCfg = Debug|x64
		{171E95FC-CCCC-42BB-AA14-23A339520F04}.Debug|x64.Build.0 = Debug|x64
		{171E95FC-CCCC-42BB-AA14-23A339520F04}.Debug|x86.ActiveCfg = Debug|Win32
		{171E95FC-CCCC-42BB-AA14-23A339520F04}.Debug|x86.Build.0 = Debug|Win32
		{171E95FC-CCCC-42BB-AA14-23A339520F04}.Release|x64.ActiveCfg = Release|x64
		{171E95FC-CCCC-42BB-AA14-23A339520F04}.Release|x64.Build.0 = Release|x64
		{171E95FC-CCCC-42BB-AA14-23A339520F04}.Release|x86.ActiveCfg = Release|Win32
		{171E95FC-CCCC-42BB-AA14-23A339520F04}.Release|x86.Build.0 = Release|Win32
		{CB34C489-F507-49BC-876F-D41F91893C31}.Debug|x64.ActiveCfg = Debug|x64
		{CB34C489-F507-49BC-876F-D41F91893C31}.Debug|x64.Build.0 = Debug|x64
		{CB34C489-F507-49BC-876F-D41F91893C31}.Debug|x86.ActiveCfg = Debug|Win32
		{CB34C489-F507-49BC-876F-D41F91893C31}.Debug|x86.Build.0 = Debug|Win32
		{CB34C489-F507-49BC-876F-D41F91893C31}.Release|x64.ActiveCfg = Release|x64
		{CB34C489-F507-49BC-876F-D41F91893C31}.Release|x64.Build.0 = Release|x64
		{CB34C489-F507-49BC-876F-D41F91893C31}.Release|x86.ActiveCfg = Release|Win32
		{CB34C489-F507-49BC-876F-D41F91893C31}.Release|x86.Build.0 = Release|Win32
		{F6B64BF0-8224-49D2-878F-A7082C1E0519}.Debug|x64.ActiveCfg = Debug|x64
		{F6B64BF0-8224-49D2-878F-A7082C1E0519}.Debug|x64.Build.0 = Debug|x64
		{F6B64BF0-8224-49D2-878F-A7082C1E0519}.Debug|x86.ActiveCfg = Debug|Win32
		{F6B64BF0-8224-49D2-878F-A7082C1E0519}.Debug|x86.Build.0 = Debug|Win32
		{F6B64BF0-8224-49D2-878F-A7082C1E0519}.Release|x64.ActiveCfg = Release|x64
		{F6B64BF0-8224-49D2-878F-A7082C1E0519}.Release|x64.Build.0 = Release|x64
		{F6B64BF0-8224-49D2-878F-A7082C1E0519}.Release|x86.ActiveCfg = Release|Win32
		{F6B64BF0-8224-49D2-878F-A7082C1E0519}.Release|x86.Build.0 = Release|Win32
		{308B360E-2163-4316-937A-D958FC0613F5}.Debug|x64.ActiveCfg = Debug|x64
		{308B360E-2163-4316-937A-D958FC0613F5}.Debug|x64.Build.0 = Debug|x64
		{308B360E-2163-4316-937A-D958FC0613F5}.Debug|x86.ActiveCfg = Debug|Win32
		{308B360E-2163-4316-937A-D958FC0613F5}.Debug|x86.Build.0 = Debug|Win32
		{308B360E-2163-4316-937A-D958FC0613F5}.Release|x64.ActiveCfg = Release|x64
		{308B360E-2163-4316-937A-D958FC0613F5}.Release|x64.Build.0 = Release|x64
		{308B360E-2163-4316-937A-D958FC0613F5}.Release|x86.ActiveCfg = Release|Win32
		{308B360E-2163-4316-937A-D958FC0613F5}.Release|x86.Build.0 = Release|Win32
		{8F9DA1BC-89C5-47B2-B49A-414ADE26262F}.Debug|x64.ActiveCfg = Debug|x64
		{8F9DA1BC-89C5-47B2-B49A-414ADE26262F}.Debug|x64.Build.0 = Debug|x64
		{8F9DA1BC-89C5-47B2-B49A-414ADE26262F}.Debug|x86.ActiveCfg = Debug|Win32
		{8F9DA1BC-89C5-47B2-B49A-414ADE26262F}.Debug|x86.Build.0 = Debug|Win32
		{8F9DA1BC-89C5-47B2-B49A-414ADE26262F}.Release|x64.ActiveCfg = Release|x64
		{8F9DA1BC-89C5-47B2-B49A-414ADE26262F}.Release|x64.Build.0 = Release|x64
		{8F9DA1BC-89C5-47B2-B49A-414ADE26262F}.Release|x86.ActiveCfg = Release|Win32
		{8F9DA1BC-89C5-47B2-B49A-414ADE26262F}.Release|x86.Build.0 = Release|Win32
	EndGlobalSection
	GlobalSection(SolutionProperties) = preSolution
		HideSolutionNode = FALSE
	EndGlobalSection
	GlobalSection(ExtensibilityGlobals) = postSolution
		SolutionGuid = {BEF41F27-C34F-44F7-BDC0-F6B5674C7D1F}
	EndGlobalSection
EndGlobal
